// !$*UTF8*$!
{
	archiveVersion = 1;
	classes = {
	};
	objectVersion = 46;
	objects = {

/* Begin PBXBuildFile section */
		84E19FFC178F258900EC3627 /* UIKit.framework in Frameworks */ = {isa = PBXBuildFile; fileRef = 84E19FFB178F258900EC3627 /* UIKit.framework */; };
		84E19FFE178F258900EC3627 /* Foundation.framework in Frameworks */ = {isa = PBXBuildFile; fileRef = 84E19FFD178F258900EC3627 /* Foundation.framework */; };
		84E1A000178F258900EC3627 /* CoreGraphics.framework in Frameworks */ = {isa = PBXBuildFile; fileRef = 84E19FFF178F258900EC3627 /* CoreGraphics.framework */; };
		84E1A006178F258900EC3627 /* InfoPlist.strings in Resources */ = {isa = PBXBuildFile; fileRef = 84E1A004178F258900EC3627 /* InfoPlist.strings */; };
		84E1A008178F258900EC3627 /* main.m in Sources */ = {isa = PBXBuildFile; fileRef = 84E1A007178F258900EC3627 /* main.m */; };
		84E1A00C178F258900EC3627 /* AppDelegate.m in Sources */ = {isa = PBXBuildFile; fileRef = 84E1A00B178F258900EC3627 /* AppDelegate.m */; };
		84E1A00E178F258900EC3627 /* Default.png in Resources */ = {isa = PBXBuildFile; fileRef = 84E1A00D178F258900EC3627 /* Default.png */; };
		84E1A010178F258900EC3627 /* Default@2x.png in Resources */ = {isa = PBXBuildFile; fileRef = 84E1A00F178F258900EC3627 /* Default@2x.png */; };
		84E1A012178F258900EC3627 /* Default-568h@2x.png in Resources */ = {isa = PBXBuildFile; fileRef = 84E1A011178F258900EC3627 /* Default-568h@2x.png */; };
		84E1A015178F258900EC3627 /* ViewController.m in Sources */ = {isa = PBXBuildFile; fileRef = 84E1A014178F258900EC3627 /* ViewController.m */; };
		84E1A018178F258900EC3627 /* ViewController.xib in Resources */ = {isa = PBXBuildFile; fileRef = 84E1A016178F258900EC3627 /* ViewController.xib */; };
		84E1A020178F258900EC3627 /* SenTestingKit.framework in Frameworks */ = {isa = PBXBuildFile; fileRef = 84E1A01F178F258900EC3627 /* SenTestingKit.framework */; };
		84E1A021178F258900EC3627 /* UIKit.framework in Frameworks */ = {isa = PBXBuildFile; fileRef = 84E19FFB178F258900EC3627 /* UIKit.framework */; };
		84E1A022178F258900EC3627 /* Foundation.framework in Frameworks */ = {isa = PBXBuildFile; fileRef = 84E19FFD178F258900EC3627 /* Foundation.framework */; };
		84E1A02A178F258900EC3627 /* InfoPlist.strings in Resources */ = {isa = PBXBuildFile; fileRef = 84E1A028178F258900EC3627 /* InfoPlist.strings */; };
		84E1A02D178F258900EC3627 /* testingJenkinsTests.m in Sources */ = {isa = PBXBuildFile; fileRef = 84E1A02C178F258900EC3627 /* testingJenkinsTests.m */; };
/* End PBXBuildFile section */

/* Begin PBXContainerItemProxy section */
		84E1A023178F258900EC3627 /* PBXContainerItemProxy */ = {
			isa = PBXContainerItemProxy;
			containerPortal = 84E19FF0178F258800EC3627 /* Project object */;
			proxyType = 1;
			remoteGlobalIDString = 84E19FF7178F258800EC3627;
			remoteInfo = testingJenkins;
		};
/* End PBXContainerItemProxy section */

/* Begin PBXFileReference section */
		84E19FF8178F258900EC3627 /* testingJenkins.app */ = {isa = PBXFileReference; explicitFileType = wrapper.application; includeInIndex = 0; path = testingJenkins.app; sourceTree = BUILT_PRODUCTS_DIR; };
		84E19FFB178F258900EC3627 /* UIKit.framework */ = {isa = PBXFileReference; lastKnownFileType = wrapper.framework; name = UIKit.framework; path = System/Library/Frameworks/UIKit.framework; sourceTree = SDKROOT; };
		84E19FFD178F258900EC3627 /* Foundation.framework */ = {isa = PBXFileReference; lastKnownFileType = wrapper.framework; name = Foundation.framework; path = System/Library/Frameworks/Foundation.framework; sourceTree = SDKROOT; };
		84E19FFF178F258900EC3627 /* CoreGraphics.framework */ = {isa = PBXFileReference; lastKnownFileType = wrapper.framework; name = CoreGraphics.framework; path = System/Library/Frameworks/CoreGraphics.framework; sourceTree = SDKROOT; };
		84E1A003178F258900EC3627 /* testingJenkins-Info.plist */ = {isa = PBXFileReference; lastKnownFileType = text.plist.xml; path = "testingJenkins-Info.plist"; sourceTree = "<group>"; };
		84E1A005178F258900EC3627 /* en */ = {isa = PBXFileReference; lastKnownFileType = text.plist.strings; name = en; path = en.lproj/InfoPlist.strings; sourceTree = "<group>"; };
		84E1A007178F258900EC3627 /* main.m */ = {isa = PBXFileReference; lastKnownFileType = sourcecode.c.objc; path = main.m; sourceTree = "<group>"; };
		84E1A009178F258900EC3627 /* testingJenkins-Prefix.pch */ = {isa = PBXFileReference; lastKnownFileType = sourcecode.c.h; path = "testingJenkins-Prefix.pch"; sourceTree = "<group>"; };
		84E1A00A178F258900EC3627 /* AppDelegate.h */ = {isa = PBXFileReference; lastKnownFileType = sourcecode.c.h; path = AppDelegate.h; sourceTree = "<group>"; };
		84E1A00B178F258900EC3627 /* AppDelegate.m */ = {isa = PBXFileReference; lastKnownFileType = sourcecode.c.objc; path = AppDelegate.m; sourceTree = "<group>"; };
		84E1A00D178F258900EC3627 /* Default.png */ = {isa = PBXFileReference; lastKnownFileType = image.png; path = Default.png; sourceTree = "<group>"; };
		84E1A00F178F258900EC3627 /* Default@2x.png */ = {isa = PBXFileReference; lastKnownFileType = image.png; path = "Default@2x.png"; sourceTree = "<group>"; };
		84E1A011178F258900EC3627 /* Default-568h@2x.png */ = {isa = PBXFileReference; lastKnownFileType = image.png; path = "Default-568h@2x.png"; sourceTree = "<group>"; };
		84E1A013178F258900EC3627 /* ViewController.h */ = {isa = PBXFileReference; lastKnownFileType = sourcecode.c.h; path = ViewController.h; sourceTree = "<group>"; };
		84E1A014178F258900EC3627 /* ViewController.m */ = {isa = PBXFileReference; lastKnownFileType = sourcecode.c.objc; path = ViewController.m; sourceTree = "<group>"; };
		84E1A017178F258900EC3627 /* en */ = {isa = PBXFileReference; lastKnownFileType = file.xib; name = en; path = en.lproj/ViewController.xib; sourceTree = "<group>"; };
		84E1A01E178F258900EC3627 /* testingJenkinsTests.octest */ = {isa = PBXFileReference; explicitFileType = wrapper.cfbundle; includeInIndex = 0; path = testingJenkinsTests.octest; sourceTree = BUILT_PRODUCTS_DIR; };
		84E1A01F178F258900EC3627 /* SenTestingKit.framework */ = {isa = PBXFileReference; lastKnownFileType = wrapper.framework; name = SenTestingKit.framework; path = Library/Frameworks/SenTestingKit.framework; sourceTree = DEVELOPER_DIR; };
		84E1A027178F258900EC3627 /* testingJenkinsTests-Info.plist */ = {isa = PBXFileReference; lastKnownFileType = text.plist.xml; path = "testingJenkinsTests-Info.plist"; sourceTree = "<group>"; };
		84E1A029178F258900EC3627 /* en */ = {isa = PBXFileReference; lastKnownFileType = text.plist.strings; name = en; path = en.lproj/InfoPlist.strings; sourceTree = "<group>"; };
		84E1A02B178F258900EC3627 /* testingJenkinsTests.h */ = {isa = PBXFileReference; lastKnownFileType = sourcecode.c.h; path = testingJenkinsTests.h; sourceTree = "<group>"; };
		84E1A02C178F258900EC3627 /* testingJenkinsTests.m */ = {isa = PBXFileReference; lastKnownFileType = sourcecode.c.objc; path = testingJenkinsTests.m; sourceTree = "<group>"; };
/* End PBXFileReference section */

/* Begin PBXFrameworksBuildPhase section */
		84E19FF5178F258800EC3627 /* Frameworks */ = {
			isa = PBXFrameworksBuildPhase;
			buildActionMask = 2147483647;
			files = (
				84E19FFC178F258900EC3627 /* UIKit.framework in Frameworks */,
				84E19FFE178F258900EC3627 /* Foundation.framework in Frameworks */,
				84E1A000178F258900EC3627 /* CoreGraphics.framework in Frameworks */,
			);
			runOnlyForDeploymentPostprocessing = 0;
		};
		84E1A01A178F258900EC3627 /* Frameworks */ = {
			isa = PBXFrameworksBuildPhase;
			buildActionMask = 2147483647;
			files = (
				84E1A020178F258900EC3627 /* SenTestingKit.framework in Frameworks */,
				84E1A021178F258900EC3627 /* UIKit.framework in Frameworks */,
				84E1A022178F258900EC3627 /* Foundation.framework in Frameworks */,
			);
			runOnlyForDeploymentPostprocessing = 0;
		};
/* End PBXFrameworksBuildPhase section */

/* Begin PBXGroup section */
		84E19FEF178F258800EC3627 = {
			isa = PBXGroup;
			children = (
				84E1A001178F258900EC3627 /* testingJenkins */,
				84E1A025178F258900EC3627 /* testingJenkinsTests */,
				84E19FFA178F258900EC3627 /* Frameworks */,
				84E19FF9178F258900EC3627 /* Products */,
			);
			sourceTree = "<group>";
		};
		84E19FF9178F258900EC3627 /* Products */ = {
			isa = PBXGroup;
			children = (
				84E19FF8178F258900EC3627 /* testingJenkins.app */,
				84E1A01E178F258900EC3627 /* testingJenkinsTests.octest */,
			);
			name = Products;
			sourceTree = "<group>";
		};
		84E19FFA178F258900EC3627 /* Frameworks */ = {
			isa = PBXGroup;
			children = (
				84E19FFB178F258900EC3627 /* UIKit.framework */,
				84E19FFD178F258900EC3627 /* Foundation.framework */,
				84E19FFF178F258900EC3627 /* CoreGraphics.framework */,
				84E1A01F178F258900EC3627 /* SenTestingKit.framework */,
			);
			name = Frameworks;
			sourceTree = "<group>";
		};
		84E1A001178F258900EC3627 /* testingJenkins */ = {
			isa = PBXGroup;
			children = (
				84E1A00A178F258900EC3627 /* AppDelegate.h */,
				84E1A00B178F258900EC3627 /* AppDelegate.m */,
				84E1A013178F258900EC3627 /* ViewController.h */,
				84E1A014178F258900EC3627 /* ViewController.m */,
				84E1A016178F258900EC3627 /* ViewController.xib */,
				84E1A002178F258900EC3627 /* Supporting Files */,
			);
			path = testingJenkins;
			sourceTree = "<group>";
		};
		84E1A002178F258900EC3627 /* Supporting Files */ = {
			isa = PBXGroup;
			children = (
				84E1A003178F258900EC3627 /* testingJenkins-Info.plist */,
				84E1A004178F258900EC3627 /* InfoPlist.strings */,
				84E1A007178F258900EC3627 /* main.m */,
				84E1A009178F258900EC3627 /* testingJenkins-Prefix.pch */,
				84E1A00D178F258900EC3627 /* Default.png */,
				84E1A00F178F258900EC3627 /* Default@2x.png */,
				84E1A011178F258900EC3627 /* Default-568h@2x.png */,
			);
			name = "Supporting Files";
			sourceTree = "<group>";
		};
		84E1A025178F258900EC3627 /* testingJenkinsTests */ = {
			isa = PBXGroup;
			children = (
				84E1A02B178F258900EC3627 /* testingJenkinsTests.h */,
				84E1A02C178F258900EC3627 /* testingJenkinsTests.m */,
				84E1A026178F258900EC3627 /* Supporting Files */,
			);
			path = testingJenkinsTests;
			sourceTree = "<group>";
		};
		84E1A026178F258900EC3627 /* Supporting Files */ = {
			isa = PBXGroup;
			children = (
				84E1A027178F258900EC3627 /* testingJenkinsTests-Info.plist */,
				84E1A028178F258900EC3627 /* InfoPlist.strings */,
			);
			name = "Supporting Files";
			sourceTree = "<group>";
		};
/* End PBXGroup section */

/* Begin PBXNativeTarget section */
		84E19FF7178F258800EC3627 /* testingJenkins */ = {
			isa = PBXNativeTarget;
			buildConfigurationList = 84E1A030178F258900EC3627 /* Build configuration list for PBXNativeTarget "testingJenkins" */;
			buildPhases = (
				84E19FF4178F258800EC3627 /* Sources */,
				84E19FF5178F258800EC3627 /* Frameworks */,
				84E19FF6178F258800EC3627 /* Resources */,
			);
			buildRules = (
			);
			dependencies = (
			);
			name = testingJenkins;
			productName = testingJenkins;
			productReference = 84E19FF8178F258900EC3627 /* testingJenkins.app */;
			productType = "com.apple.product-type.application";
		};
		84E1A01D178F258900EC3627 /* testingJenkinsTests */ = {
			isa = PBXNativeTarget;
			buildConfigurationList = 84E1A033178F258900EC3627 /* Build configuration list for PBXNativeTarget "testingJenkinsTests" */;
			buildPhases = (
				84E1A019178F258900EC3627 /* Sources */,
				84E1A01A178F258900EC3627 /* Frameworks */,
				84E1A01B178F258900EC3627 /* Resources */,
				84E1A01C178F258900EC3627 /* ShellScript */,
			);
			buildRules = (
			);
			dependencies = (
				84E1A024178F258900EC3627 /* PBXTargetDependency */,
			);
			name = testingJenkinsTests;
			productName = testingJenkinsTests;
			productReference = 84E1A01E178F258900EC3627 /* testingJenkinsTests.octest */;
			productType = "com.apple.product-type.bundle";
		};
/* End PBXNativeTarget section */

/* Begin PBXProject section */
		84E19FF0178F258800EC3627 /* Project object */ = {
			isa = PBXProject;
			attributes = {
				LastUpgradeCheck = 0460;
				ORGANIZATIONNAME = admin;
			};
			buildConfigurationList = 84E19FF3178F258800EC3627 /* Build configuration list for PBXProject "testingJenkins" */;
			compatibilityVersion = "Xcode 3.2";
			developmentRegion = English;
			hasScannedForEncodings = 0;
			knownRegions = (
				en,
			);
			mainGroup = 84E19FEF178F258800EC3627;
			productRefGroup = 84E19FF9178F258900EC3627 /* Products */;
			projectDirPath = "";
			projectRoot = "";
			targets = (
				84E19FF7178F258800EC3627 /* testingJenkins */,
				84E1A01D178F258900EC3627 /* testingJenkinsTests */,
			);
		};
/* End PBXProject section */

/* Begin PBXResourcesBuildPhase section */
		84E19FF6178F258800EC3627 /* Resources */ = {
			isa = PBXResourcesBuildPhase;
			buildActionMask = 2147483647;
			files = (
				84E1A006178F258900EC3627 /* InfoPlist.strings in Resources */,
				84E1A00E178F258900EC3627 /* Default.png in Resources */,
				84E1A010178F258900EC3627 /* Default@2x.png in Resources */,
				84E1A012178F258900EC3627 /* Default-568h@2x.png in Resources */,
				84E1A018178F258900EC3627 /* ViewController.xib in Resources */,
			);
			runOnlyForDeploymentPostprocessing = 0;
		};
		84E1A01B178F258900EC3627 /* Resources */ = {
			isa = PBXResourcesBuildPhase;
			buildActionMask = 2147483647;
			files = (
				84E1A02A178F258900EC3627 /* InfoPlist.strings in Resources */,
			);
			runOnlyForDeploymentPostprocessing = 0;
		};
/* End PBXResourcesBuildPhase section */

/* Begin PBXShellScriptBuildPhase section */
		84E1A01C178F258900EC3627 /* ShellScript */ = {
			isa = PBXShellScriptBuildPhase;
			buildActionMask = 2147483647;
			files = (
			);
			inputPaths = (
			);
			outputPaths = (
			);
			runOnlyForDeploymentPostprocessing = 0;
			shellPath = /bin/sh;
			shellScript = "# Run the unit tests in this test bundle.\n\"${SYSTEM_DEVELOPER_DIR}/Tools/RunUnitTests\"\n";
		};
/* End PBXShellScriptBuildPhase section */

/* Begin PBXSourcesBuildPhase section */
		84E19FF4178F258800EC3627 /* Sources */ = {
			isa = PBXSourcesBuildPhase;
			buildActionMask = 2147483647;
			files = (
				84E1A008178F258900EC3627 /* main.m in Sources */,
				84E1A00C178F258900EC3627 /* AppDelegate.m in Sources */,
				84E1A015178F258900EC3627 /* ViewController.m in Sources */,
			);
			runOnlyForDeploymentPostprocessing = 0;
		};
		84E1A019178F258900EC3627 /* Sources */ = {
			isa = PBXSourcesBuildPhase;
			buildActionMask = 2147483647;
			files = (
				84E1A02D178F258900EC3627 /* testingJenkinsTests.m in Sources */,
			);
			runOnlyForDeploymentPostprocessing = 0;
		};
/* End PBXSourcesBuildPhase section */

/* Begin PBXTargetDependency section */
		84E1A024178F258900EC3627 /* PBXTargetDependency */ = {
			isa = PBXTargetDependency;
			target = 84E19FF7178F258800EC3627 /* testingJenkins */;
			targetProxy = 84E1A023178F258900EC3627 /* PBXContainerItemProxy */;
		};
/* End PBXTargetDependency section */

/* Begin PBXVariantGroup section */
		84E1A004178F258900EC3627 /* InfoPlist.strings */ = {
			isa = PBXVariantGroup;
			children = (
				84E1A005178F258900EC3627 /* en */,
			);
			name = InfoPlist.strings;
			sourceTree = "<group>";
		};
		84E1A016178F258900EC3627 /* ViewController.xib */ = {
			isa = PBXVariantGroup;
			children = (
				84E1A017178F258900EC3627 /* en */,
			);
			name = ViewController.xib;
			sourceTree = "<group>";
		};
		84E1A028178F258900EC3627 /* InfoPlist.strings */ = {
			isa = PBXVariantGroup;
			children = (
				84E1A029178F258900EC3627 /* en */,
			);
			name = InfoPlist.strings;
			sourceTree = "<group>";
		};
/* End PBXVariantGroup section */

/* Begin XCBuildConfiguration section */
		84E1A02E178F258900EC3627 /* Debug */ = {
			isa = XCBuildConfiguration;
			buildSettings = {
				ALWAYS_SEARCH_USER_PATHS = NO;
				CLANG_CXX_LANGUAGE_STANDARD = "gnu++0x";
				CLANG_CXX_LIBRARY = "libc++";
				CLANG_ENABLE_OBJC_ARC = YES;
				CLANG_WARN_CONSTANT_CONVERSION = YES;
				CLANG_WARN_EMPTY_BODY = YES;
				CLANG_WARN_ENUM_CONVERSION = YES;
				CLANG_WARN_INT_CONVERSION = YES;
				CLANG_WARN__DUPLICATE_METHOD_MATCH = YES;
				"CODE_SIGN_IDENTITY[sdk=iphoneos*]" = "iPhone Developer";
				COPY_PHASE_STRIP = NO;
				GCC_C_LANGUAGE_STANDARD = gnu99;
				GCC_DYNAMIC_NO_PIC = NO;
				GCC_OPTIMIZATION_LEVEL = 0;
				GCC_PREPROCESSOR_DEFINITIONS = (
					"DEBUG=1",
					"$(inherited)",
				);
				GCC_SYMBOLS_PRIVATE_EXTERN = NO;
				GCC_WARN_ABOUT_RETURN_TYPE = YES;
				GCC_WARN_UNINITIALIZED_AUTOS = YES;
				GCC_WARN_UNUSED_VARIABLE = YES;
				IPHONEOS_DEPLOYMENT_TARGET = 6.1;
				ONLY_ACTIVE_ARCH = YES;
				SDKROOT = iphoneos;
			};
			name = Debug;
		};
		84E1A02F178F258900EC3627 /* Release */ = {
			isa = XCBuildConfiguration;
			buildSettings = {
				ALWAYS_SEARCH_USER_PATHS = NO;
				CLANG_CXX_LANGUAGE_STANDARD = "gnu++0x";
				CLANG_CXX_LIBRARY = "libc++";
				CLANG_ENABLE_OBJC_ARC = YES;
				CLANG_WARN_CONSTANT_CONVERSION = YES;
				CLANG_WARN_EMPTY_BODY = YES;
				CLANG_WARN_ENUM_CONVERSION = YES;
				CLANG_WARN_INT_CONVERSION = YES;
				CLANG_WARN__DUPLICATE_METHOD_MATCH = YES;
				"CODE_SIGN_IDENTITY[sdk=iphoneos*]" = "iPhone Developer";
				COPY_PHASE_STRIP = YES;
				GCC_C_LANGUAGE_STANDARD = gnu99;
				GCC_WARN_ABOUT_RETURN_TYPE = YES;
				GCC_WARN_UNINITIALIZED_AUTOS = YES;
				GCC_WARN_UNUSED_VARIABLE = YES;
				IPHONEOS_DEPLOYMENT_TARGET = 6.1;
				OTHER_CFLAGS = "-DNS_BLOCK_ASSERTIONS=1";
				SDKROOT = iphoneos;
				VALIDATE_PRODUCT = YES;
			};
			name = Release;
		};
		84E1A031178F258900EC3627 /* Debug */ = {
			isa = XCBuildConfiguration;
			buildSettings = {
				GCC_PRECOMPILE_PREFIX_HEADER = YES;
				GCC_PREFIX_HEADER = "testingJenkins/testingJenkins-Prefix.pch";
				INFOPLIST_FILE = "testingJenkins/testingJenkins-Info.plist";
				PRODUCT_NAME = "$(TARGET_NAME)";
				WRAPPER_EXTENSION = app;
			};
			name = Debug;
		};
		84E1A032178F258900EC3627 /* Release */ = {
			isa = XCBuildConfiguration;
			buildSettings = {
				GCC_PRECOMPILE_PREFIX_HEADER = YES;
				GCC_PREFIX_HEADER = "testingJenkins/testingJenkins-Prefix.pch";
				INFOPLIST_FILE = "testingJenkins/testingJenkins-Info.plist";
				PRODUCT_NAME = "$(TARGET_NAME)";
				WRAPPER_EXTENSION = app;
			};
			name = Release;
		};
		84E1A034178F258900EC3627 /* Debug */ = {
			isa = XCBuildConfiguration;
			buildSettings = {
				BUNDLE_LOADER = "$(BUILT_PRODUCTS_DIR)/testingJenkins.app/testingJenkins";
				FRAMEWORK_SEARCH_PATHS = (
					"\"$(SDKROOT)/Developer/Library/Frameworks\"",
					"\"$(DEVELOPER_LIBRARY_DIR)/Frameworks\"",
				);
				GCC_PRECOMPILE_PREFIX_HEADER = YES;
				GCC_PREFIX_HEADER = "testingJenkins/testingJenkins-Prefix.pch";
				INFOPLIST_FILE = "testingJenkinsTests/testingJenkinsTests-Info.plist";
				PRODUCT_NAME = "$(TARGET_NAME)";
				TEST_HOST = "$(BUNDLE_LOADER)";
				WRAPPER_EXTENSION = octest;
			};
			name = Debug;
		};
		84E1A035178F258900EC3627 /* Release */ = {
			isa = XCBuildConfiguration;
			buildSettings = {
				BUNDLE_LOADER = "$(BUILT_PRODUCTS_DIR)/testingJenkins.app/testingJenkins";
				FRAMEWORK_SEARCH_PATHS = (
					"\"$(SDKROOT)/Developer/Library/Frameworks\"",
					"\"$(DEVELOPER_LIBRARY_DIR)/Frameworks\"",
				);
				GCC_PRECOMPILE_PREFIX_HEADER = YES;
				GCC_PREFIX_HEADER = "testingJenkins/testingJenkins-Prefix.pch";
				INFOPLIST_FILE = "testingJenkinsTests/testingJenkinsTests-Info.plist";
				PRODUCT_NAME = "$(TARGET_NAME)";
				TEST_HOST = "$(BUNDLE_LOADER)";
				WRAPPER_EXTENSION = octest;
			};
			name = Release;
		};
/* End XCBuildConfiguration section */

/* Begin XCConfigurationList section */
		84E19FF3178F258800EC3627 /* Build configuration list for PBXProject "testingJenkins" */ = {
			isa = XCConfigurationList;
			buildConfigurations = (
				84E1A02E178F258900EC3627 /* Debug */,
				84E1A02F178F258900EC3627 /* Release */,
			);
			defaultConfigurationIsVisible = 0;
			defaultConfigurationName = Release;
		};
		84E1A030178F258900EC3627 /* Build configuration list for PBXNativeTarget "testingJenkins" */ = {
			isa = XCConfigurationList;
			buildConfigurations = (
				84E1A031178F258900EC3627 /* Debug */,
				84E1A032178F258900EC3627 /* Release */,
			);
			defaultConfigurationIsVisible = 0;
		};
		84E1A033178F258900EC3627 /* Build configuration list for PBXNativeTarget "testingJenkinsTests" */ = {
			isa = XCConfigurationList;
			buildConfigurations = (
				84E1A034178F258900EC3627 /* Debug */,
				84E1A035178F258900EC3627 /* Release */,
			);
			defaultConfigurationIsVisible = 0;
		};
/* End XCConfigurationList section */
	};
	rootObject = 84E19FF0178F258800EC3627 /* Project object */;
}
