// !$*UTF8*$!
{
	archiveVersion = 1;
	classes = {
	};
	objectVersion = 46;
	objects = {

/* Begin PBXBuildFile section */
		84048B3117820B5800BBBA7C /* UIKit.framework in Frameworks */ = {isa = PBXBuildFile; fileRef = 84048B3017820B5800BBBA7C /* UIKit.framework */; };
		84048B3317820B5800BBBA7C /* Foundation.framework in Frameworks */ = {isa = PBXBuildFile; fileRef = 84048B3217820B5800BBBA7C /* Foundation.framework */; };
		84048B3517820B5800BBBA7C /* CoreGraphics.framework in Frameworks */ = {isa = PBXBuildFile; fileRef = 84048B3417820B5800BBBA7C /* CoreGraphics.framework */; };
		84048B3B17820B5800BBBA7C /* InfoPlist.strings in Resources */ = {isa = PBXBuildFile; fileRef = 84048B3917820B5800BBBA7C /* InfoPlist.strings */; };
		84048B3D17820B5800BBBA7C /* main.m in Sources */ = {isa = PBXBuildFile; fileRef = 84048B3C17820B5800BBBA7C /* main.m */; };
		84048B4117820B5800BBBA7C /* AppDelegate.m in Sources */ = {isa = PBXBuildFile; fileRef = 84048B4017820B5800BBBA7C /* AppDelegate.m */; };
		84048B4317820B5800BBBA7C /* Default.png in Resources */ = {isa = PBXBuildFile; fileRef = 84048B4217820B5800BBBA7C /* Default.png */; };
		84048B4517820B5800BBBA7C /* Default@2x.png in Resources */ = {isa = PBXBuildFile; fileRef = 84048B4417820B5800BBBA7C /* Default@2x.png */; };
		84048B4717820B5800BBBA7C /* Default-568h@2x.png in Resources */ = {isa = PBXBuildFile; fileRef = 84048B4617820B5800BBBA7C /* Default-568h@2x.png */; };
		84048B4A17820B5800BBBA7C /* ViewController.m in Sources */ = {isa = PBXBuildFile; fileRef = 84048B4917820B5800BBBA7C /* ViewController.m */; };
		84048B4D17820B5800BBBA7C /* ViewController.xib in Resources */ = {isa = PBXBuildFile; fileRef = 84048B4B17820B5800BBBA7C /* ViewController.xib */; };
		84048B5517820B5800BBBA7C /* SenTestingKit.framework in Frameworks */ = {isa = PBXBuildFile; fileRef = 84048B5417820B5800BBBA7C /* SenTestingKit.framework */; };
		84048B5617820B5800BBBA7C /* UIKit.framework in Frameworks */ = {isa = PBXBuildFile; fileRef = 84048B3017820B5800BBBA7C /* UIKit.framework */; };
		84048B5717820B5800BBBA7C /* Foundation.framework in Frameworks */ = {isa = PBXBuildFile; fileRef = 84048B3217820B5800BBBA7C /* Foundation.framework */; };
		84048B5F17820B5800BBBA7C /* InfoPlist.strings in Resources */ = {isa = PBXBuildFile; fileRef = 84048B5D17820B5800BBBA7C /* InfoPlist.strings */; };
		84048B6217820B5800BBBA7C /* tableViewTests.m in Sources */ = {isa = PBXBuildFile; fileRef = 84048B6117820B5800BBBA7C /* tableViewTests.m */; };
/* End PBXBuildFile section */

/* Begin PBXContainerItemProxy section */
		84048B5817820B5800BBBA7C /* PBXContainerItemProxy */ = {
			isa = PBXContainerItemProxy;
			containerPortal = 84048B2517820B5800BBBA7C /* Project object */;
			proxyType = 1;
			remoteGlobalIDString = 84048B2C17820B5800BBBA7C;
			remoteInfo = tableView;
		};
/* End PBXContainerItemProxy section */

/* Begin PBXFileReference section */
		84048B2D17820B5800BBBA7C /* tableView.app */ = {isa = PBXFileReference; explicitFileType = wrapper.application; includeInIndex = 0; path = tableView.app; sourceTree = BUILT_PRODUCTS_DIR; };
		84048B3017820B5800BBBA7C /* UIKit.framework */ = {isa = PBXFileReference; lastKnownFileType = wrapper.framework; name = UIKit.framework; path = System/Library/Frameworks/UIKit.framework; sourceTree = SDKROOT; };
		84048B3217820B5800BBBA7C /* Foundation.framework */ = {isa = PBXFileReference; lastKnownFileType = wrapper.framework; name = Foundation.framework; path = System/Library/Frameworks/Foundation.framework; sourceTree = SDKROOT; };
		84048B3417820B5800BBBA7C /* CoreGraphics.framework */ = {isa = PBXFileReference; lastKnownFileType = wrapper.framework; name = CoreGraphics.framework; path = System/Library/Frameworks/CoreGraphics.framework; sourceTree = SDKROOT; };
		84048B3817820B5800BBBA7C /* tableView-Info.plist */ = {isa = PBXFileReference; lastKnownFileType = text.plist.xml; path = "tableView-Info.plist"; sourceTree = "<group>"; };
		84048B3A17820B5800BBBA7C /* en */ = {isa = PBXFileReference; lastKnownFileType = text.plist.strings; name = en; path = en.lproj/InfoPlist.strings; sourceTree = "<group>"; };
		84048B3C17820B5800BBBA7C /* main.m */ = {isa = PBXFileReference; lastKnownFileType = sourcecode.c.objc; path = main.m; sourceTree = "<group>"; };
		84048B3E17820B5800BBBA7C /* tableView-Prefix.pch */ = {isa = PBXFileReference; lastKnownFileType = sourcecode.c.h; path = "tableView-Prefix.pch"; sourceTree = "<group>"; };
		84048B3F17820B5800BBBA7C /* AppDelegate.h */ = {isa = PBXFileReference; lastKnownFileType = sourcecode.c.h; path = AppDelegate.h; sourceTree = "<group>"; };
		84048B4017820B5800BBBA7C /* AppDelegate.m */ = {isa = PBXFileReference; lastKnownFileType = sourcecode.c.objc; path = AppDelegate.m; sourceTree = "<group>"; };
		84048B4217820B5800BBBA7C /* Default.png */ = {isa = PBXFileReference; lastKnownFileType = image.png; path = Default.png; sourceTree = "<group>"; };
		84048B4417820B5800BBBA7C /* Default@2x.png */ = {isa = PBXFileReference; lastKnownFileType = image.png; path = "Default@2x.png"; sourceTree = "<group>"; };
		84048B4617820B5800BBBA7C /* Default-568h@2x.png */ = {isa = PBXFileReference; lastKnownFileType = image.png; path = "Default-568h@2x.png"; sourceTree = "<group>"; };
		84048B4817820B5800BBBA7C /* ViewController.h */ = {isa = PBXFileReference; lastKnownFileType = sourcecode.c.h; path = ViewController.h; sourceTree = "<group>"; };
		84048B4917820B5800BBBA7C /* ViewController.m */ = {isa = PBXFileReference; lastKnownFileType = sourcecode.c.objc; path = ViewController.m; sourceTree = "<group>"; };
		84048B4C17820B5800BBBA7C /* en */ = {isa = PBXFileReference; lastKnownFileType = file.xib; name = en; path = en.lproj/ViewController.xib; sourceTree = "<group>"; };
		84048B5317820B5800BBBA7C /* tableViewTests.octest */ = {isa = PBXFileReference; explicitFileType = wrapper.cfbundle; includeInIndex = 0; path = tableViewTests.octest; sourceTree = BUILT_PRODUCTS_DIR; };
		84048B5417820B5800BBBA7C /* SenTestingKit.framework */ = {isa = PBXFileReference; lastKnownFileType = wrapper.framework; name = SenTestingKit.framework; path = Library/Frameworks/SenTestingKit.framework; sourceTree = DEVELOPER_DIR; };
		84048B5C17820B5800BBBA7C /* tableViewTests-Info.plist */ = {isa = PBXFileReference; lastKnownFileType = text.plist.xml; path = "tableViewTests-Info.plist"; sourceTree = "<group>"; };
		84048B5E17820B5800BBBA7C /* en */ = {isa = PBXFileReference; lastKnownFileType = text.plist.strings; name = en; path = en.lproj/InfoPlist.strings; sourceTree = "<group>"; };
		84048B6017820B5800BBBA7C /* tableViewTests.h */ = {isa = PBXFileReference; lastKnownFileType = sourcecode.c.h; path = tableViewTests.h; sourceTree = "<group>"; };
		84048B6117820B5800BBBA7C /* tableViewTests.m */ = {isa = PBXFileReference; lastKnownFileType = sourcecode.c.objc; path = tableViewTests.m; sourceTree = "<group>"; };
/* End PBXFileReference section */

/* Begin PBXFrameworksBuildPhase section */
		84048B2A17820B5800BBBA7C /* Frameworks */ = {
			isa = PBXFrameworksBuildPhase;
			buildActionMask = 2147483647;
			files = (
				84048B3117820B5800BBBA7C /* UIKit.framework in Frameworks */,
				84048B3317820B5800BBBA7C /* Foundation.framework in Frameworks */,
				84048B3517820B5800BBBA7C /* CoreGraphics.framework in Frameworks */,
			);
			runOnlyForDeploymentPostprocessing = 0;
		};
		84048B4F17820B5800BBBA7C /* Frameworks */ = {
			isa = PBXFrameworksBuildPhase;
			buildActionMask = 2147483647;
			files = (
				84048B5517820B5800BBBA7C /* SenTestingKit.framework in Frameworks */,
				84048B5617820B5800BBBA7C /* UIKit.framework in Frameworks */,
				84048B5717820B5800BBBA7C /* Foundation.framework in Frameworks */,
			);
			runOnlyForDeploymentPostprocessing = 0;
		};
/* End PBXFrameworksBuildPhase section */

/* Begin PBXGroup section */
		84048B2417820B5800BBBA7C = {
			isa = PBXGroup;
			children = (
				84048B3617820B5800BBBA7C /* tableView */,
				84048B5A17820B5800BBBA7C /* tableViewTests */,
				84048B2F17820B5800BBBA7C /* Frameworks */,
				84048B2E17820B5800BBBA7C /* Products */,
			);
			sourceTree = "<group>";
		};
		84048B2E17820B5800BBBA7C /* Products */ = {
			isa = PBXGroup;
			children = (
				84048B2D17820B5800BBBA7C /* tableView.app */,
				84048B5317820B5800BBBA7C /* tableViewTests.octest */,
			);
			name = Products;
			sourceTree = "<group>";
		};
		84048B2F17820B5800BBBA7C /* Frameworks */ = {
			isa = PBXGroup;
			children = (
				84048B3017820B5800BBBA7C /* UIKit.framework */,
				84048B3217820B5800BBBA7C /* Foundation.framework */,
				84048B3417820B5800BBBA7C /* CoreGraphics.framework */,
				84048B5417820B5800BBBA7C /* SenTestingKit.framework */,
			);
			name = Frameworks;
			sourceTree = "<group>";
		};
		84048B3617820B5800BBBA7C /* tableView */ = {
			isa = PBXGroup;
			children = (
				84048B3F17820B5800BBBA7C /* AppDelegate.h */,
				84048B4017820B5800BBBA7C /* AppDelegate.m */,
				84048B4817820B5800BBBA7C /* ViewController.h */,
				84048B4917820B5800BBBA7C /* ViewController.m */,
				84048B4B17820B5800BBBA7C /* ViewController.xib */,
				84048B3717820B5800BBBA7C /* Supporting Files */,
			);
			path = tableView;
			sourceTree = "<group>";
		};
		84048B3717820B5800BBBA7C /* Supporting Files */ = {
			isa = PBXGroup;
			children = (
				84048B3817820B5800BBBA7C /* tableView-Info.plist */,
				84048B3917820B5800BBBA7C /* InfoPlist.strings */,
				84048B3C17820B5800BBBA7C /* main.m */,
				84048B3E17820B5800BBBA7C /* tableView-Prefix.pch */,
				84048B4217820B5800BBBA7C /* Default.png */,
				84048B4417820B5800BBBA7C /* Default@2x.png */,
				84048B4617820B5800BBBA7C /* Default-568h@2x.png */,
			);
			name = "Supporting Files";
			sourceTree = "<group>";
		};
		84048B5A17820B5800BBBA7C /* tableViewTests */ = {
			isa = PBXGroup;
			children = (
				84048B6017820B5800BBBA7C /* tableViewTests.h */,
				84048B6117820B5800BBBA7C /* tableViewTests.m */,
				84048B5B17820B5800BBBA7C /* Supporting Files */,
			);
			path = tableViewTests;
			sourceTree = "<group>";
		};
		84048B5B17820B5800BBBA7C /* Supporting Files */ = {
			isa = PBXGroup;
			children = (
				84048B5C17820B5800BBBA7C /* tableViewTests-Info.plist */,
				84048B5D17820B5800BBBA7C /* InfoPlist.strings */,
			);
			name = "Supporting Files";
			sourceTree = "<group>";
		};
/* End PBXGroup section */

/* Begin PBXNativeTarget section */
		84048B2C17820B5800BBBA7C /* tableView */ = {
			isa = PBXNativeTarget;
			buildConfigurationList = 84048B6517820B5800BBBA7C /* Build configuration list for PBXNativeTarget "tableView" */;
			buildPhases = (
				84048B2917820B5800BBBA7C /* Sources */,
				84048B2A17820B5800BBBA7C /* Frameworks */,
				84048B2B17820B5800BBBA7C /* Resources */,
			);
			buildRules = (
			);
			dependencies = (
			);
			name = tableView;
			productName = tableView;
			productReference = 84048B2D17820B5800BBBA7C /* tableView.app */;
			productType = "com.apple.product-type.application";
		};
		84048B5217820B5800BBBA7C /* tableViewTests */ = {
			isa = PBXNativeTarget;
			buildConfigurationList = 84048B6817820B5800BBBA7C /* Build configuration list for PBXNativeTarget "tableViewTests" */;
			buildPhases = (
				84048B4E17820B5800BBBA7C /* Sources */,
				84048B4F17820B5800BBBA7C /* Frameworks */,
				84048B5017820B5800BBBA7C /* Resources */,
				84048B5117820B5800BBBA7C /* ShellScript */,
			);
			buildRules = (
			);
			dependencies = (
				84048B5917820B5800BBBA7C /* PBXTargetDependency */,
			);
			name = tableViewTests;
			productName = tableViewTests;
			productReference = 84048B5317820B5800BBBA7C /* tableViewTests.octest */;
			productType = "com.apple.product-type.bundle";
		};
/* End PBXNativeTarget section */

/* Begin PBXProject section */
		84048B2517820B5800BBBA7C /* Project object */ = {
			isa = PBXProject;
			attributes = {
				LastUpgradeCheck = 0460;
				ORGANIZATIONNAME = admin;
			};
			buildConfigurationList = 84048B2817820B5800BBBA7C /* Build configuration list for PBXProject "tableView" */;
			compatibilityVersion = "Xcode 3.2";
			developmentRegion = English;
			hasScannedForEncodings = 0;
			knownRegions = (
				en,
			);
			mainGroup = 84048B2417820B5800BBBA7C;
			productRefGroup = 84048B2E17820B5800BBBA7C /* Products */;
			projectDirPath = "";
			projectRoot = "";
			targets = (
				84048B2C17820B5800BBBA7C /* tableView */,
				84048B5217820B5800BBBA7C /* tableViewTests */,
			);
		};
/* End PBXProject section */

/* Begin PBXResourcesBuildPhase section */
		84048B2B17820B5800BBBA7C /* Resources */ = {
			isa = PBXResourcesBuildPhase;
			buildActionMask = 2147483647;
			files = (
				84048B3B17820B5800BBBA7C /* InfoPlist.strings in Resources */,
				84048B4317820B5800BBBA7C /* Default.png in Resources */,
				84048B4517820B5800BBBA7C /* Default@2x.png in Resources */,
				84048B4717820B5800BBBA7C /* Default-568h@2x.png in Resources */,
				84048B4D17820B5800BBBA7C /* ViewController.xib in Resources */,
			);
			runOnlyForDeploymentPostprocessing = 0;
		};
		84048B5017820B5800BBBA7C /* Resources */ = {
			isa = PBXResourcesBuildPhase;
			buildActionMask = 2147483647;
			files = (
				84048B5F17820B5800BBBA7C /* InfoPlist.strings in Resources */,
			);
			runOnlyForDeploymentPostprocessing = 0;
		};
/* End PBXResourcesBuildPhase section */

/* Begin PBXShellScriptBuildPhase section */
		84048B5117820B5800BBBA7C /* ShellScript */ = {
			isa = PBXShellScriptBuildPhase;
			buildActionMask = 2147483647;
			files = (
			);
			inputPaths = (
			);
			outputPaths = (
			);
			runOnlyForDeploymentPostprocessing = 0;
			shellPath = /bin/sh;
			shellScript = "# Run the unit tests in this test bundle.\n\"${SYSTEM_DEVELOPER_DIR}/Tools/RunUnitTests\"\n";
		};
/* End PBXShellScriptBuildPhase section */

/* Begin PBXSourcesBuildPhase section */
		84048B2917820B5800BBBA7C /* Sources */ = {
			isa = PBXSourcesBuildPhase;
			buildActionMask = 2147483647;
			files = (
				84048B3D17820B5800BBBA7C /* main.m in Sources */,
				84048B4117820B5800BBBA7C /* AppDelegate.m in Sources */,
				84048B4A17820B5800BBBA7C /* ViewController.m in Sources */,
			);
			runOnlyForDeploymentPostprocessing = 0;
		};
		84048B4E17820B5800BBBA7C /* Sources */ = {
			isa = PBXSourcesBuildPhase;
			buildActionMask = 2147483647;
			files = (
				84048B6217820B5800BBBA7C /* tableViewTests.m in Sources */,
			);
			runOnlyForDeploymentPostprocessing = 0;
		};
/* End PBXSourcesBuildPhase section */

/* Begin PBXTargetDependency section */
		84048B5917820B5800BBBA7C /* PBXTargetDependency */ = {
			isa = PBXTargetDependency;
			target = 84048B2C17820B5800BBBA7C /* tableView */;
			targetProxy = 84048B5817820B5800BBBA7C /* PBXContainerItemProxy */;
		};
/* End PBXTargetDependency section */

/* Begin PBXVariantGroup section */
		84048B3917820B5800BBBA7C /* InfoPlist.strings */ = {
			isa = PBXVariantGroup;
			children = (
				84048B3A17820B5800BBBA7C /* en */,
			);
			name = InfoPlist.strings;
			sourceTree = "<group>";
		};
		84048B4B17820B5800BBBA7C /* ViewController.xib */ = {
			isa = PBXVariantGroup;
			children = (
				84048B4C17820B5800BBBA7C /* en */,
			);
			name = ViewController.xib;
			sourceTree = "<group>";
		};
		84048B5D17820B5800BBBA7C /* InfoPlist.strings */ = {
			isa = PBXVariantGroup;
			children = (
				84048B5E17820B5800BBBA7C /* en */,
			);
			name = InfoPlist.strings;
			sourceTree = "<group>";
		};
/* End PBXVariantGroup section */

/* Begin XCBuildConfiguration section */
		84048B6317820B5800BBBA7C /* Debug */ = {
			isa = XCBuildConfiguration;
			buildSettings = {
				ALWAYS_SEARCH_USER_PATHS = NO;
				CLANG_CXX_LANGUAGE_STANDARD = "gnu++0x";
				CLANG_CXX_LIBRARY = "libc++";
				CLANG_ENABLE_OBJC_ARC = YES;
				CLANG_WARN_CONSTANT_CONVERSION = YES;
				CLANG_WARN_EMPTY_BODY = YES;
				CLANG_WARN_ENUM_CONVERSION = YES;
				CLANG_WARN_INT_CONVERSION = YES;
				CLANG_WARN__DUPLICATE_METHOD_MATCH = YES;
				"CODE_SIGN_IDENTITY[sdk=iphoneos*]" = "iPhone Developer";
				COPY_PHASE_STRIP = NO;
				GCC_C_LANGUAGE_STANDARD = gnu99;
				GCC_DYNAMIC_NO_PIC = NO;
				GCC_OPTIMIZATION_LEVEL = 0;
				GCC_PREPROCESSOR_DEFINITIONS = (
					"DEBUG=1",
					"$(inherited)",
				);
				GCC_SYMBOLS_PRIVATE_EXTERN = NO;
				GCC_WARN_ABOUT_RETURN_TYPE = YES;
				GCC_WARN_UNINITIALIZED_AUTOS = YES;
				GCC_WARN_UNUSED_VARIABLE = YES;
				IPHONEOS_DEPLOYMENT_TARGET = 6.1;
				ONLY_ACTIVE_ARCH = YES;
				SDKROOT = iphoneos;
			};
			name = Debug;
		};
		84048B6417820B5800BBBA7C /* Release */ = {
			isa = XCBuildConfiguration;
			buildSettings = {
				ALWAYS_SEARCH_USER_PATHS = NO;
				CLANG_CXX_LANGUAGE_STANDARD = "gnu++0x";
				CLANG_CXX_LIBRARY = "libc++";
				CLANG_ENABLE_OBJC_ARC = YES;
				CLANG_WARN_CONSTANT_CONVERSION = YES;
				CLANG_WARN_EMPTY_BODY = YES;
				CLANG_WARN_ENUM_CONVERSION = YES;
				CLANG_WARN_INT_CONVERSION = YES;
				CLANG_WARN__DUPLICATE_METHOD_MATCH = YES;
				"CODE_SIGN_IDENTITY[sdk=iphoneos*]" = "iPhone Developer";
				COPY_PHASE_STRIP = YES;
				GCC_C_LANGUAGE_STANDARD = gnu99;
				GCC_WARN_ABOUT_RETURN_TYPE = YES;
				GCC_WARN_UNINITIALIZED_AUTOS = YES;
				GCC_WARN_UNUSED_VARIABLE = YES;
				IPHONEOS_DEPLOYMENT_TARGET = 6.1;
				OTHER_CFLAGS = "-DNS_BLOCK_ASSERTIONS=1";
				SDKROOT = iphoneos;
				VALIDATE_PRODUCT = YES;
			};
			name = Release;
		};
		84048B6617820B5800BBBA7C /* Debug */ = {
			isa = XCBuildConfiguration;
			buildSettings = {
				GCC_PRECOMPILE_PREFIX_HEADER = YES;
				GCC_PREFIX_HEADER = "tableView/tableView-Prefix.pch";
				INFOPLIST_FILE = "tableView/tableView-Info.plist";
				PRODUCT_NAME = "$(TARGET_NAME)";
				WRAPPER_EXTENSION = app;
			};
			name = Debug;
		};
		84048B6717820B5800BBBA7C /* Release */ = {
			isa = XCBuildConfiguration;
			buildSettings = {
				GCC_PRECOMPILE_PREFIX_HEADER = YES;
				GCC_PREFIX_HEADER = "tableView/tableView-Prefix.pch";
				INFOPLIST_FILE = "tableView/tableView-Info.plist";
				PRODUCT_NAME = "$(TARGET_NAME)";
				WRAPPER_EXTENSION = app;
			};
			name = Release;
		};
		84048B6917820B5800BBBA7C /* Debug */ = {
			isa = XCBuildConfiguration;
			buildSettings = {
				BUNDLE_LOADER = "$(BUILT_PRODUCTS_DIR)/tableView.app/tableView";
				FRAMEWORK_SEARCH_PATHS = (
					"\"$(SDKROOT)/Developer/Library/Frameworks\"",
					"\"$(DEVELOPER_LIBRARY_DIR)/Frameworks\"",
				);
				GCC_PRECOMPILE_PREFIX_HEADER = YES;
				GCC_PREFIX_HEADER = "tableView/tableView-Prefix.pch";
				INFOPLIST_FILE = "tableViewTests/tableViewTests-Info.plist";
				PRODUCT_NAME = "$(TARGET_NAME)";
				TEST_HOST = "$(BUNDLE_LOADER)";
				WRAPPER_EXTENSION = octest;
			};
			name = Debug;
		};
		84048B6A17820B5800BBBA7C /* Release */ = {
			isa = XCBuildConfiguration;
			buildSettings = {
				BUNDLE_LOADER = "$(BUILT_PRODUCTS_DIR)/tableView.app/tableView";
				FRAMEWORK_SEARCH_PATHS = (
					"\"$(SDKROOT)/Developer/Library/Frameworks\"",
					"\"$(DEVELOPER_LIBRARY_DIR)/Frameworks\"",
				);
				GCC_PRECOMPILE_PREFIX_HEADER = YES;
				GCC_PREFIX_HEADER = "tableView/tableView-Prefix.pch";
				INFOPLIST_FILE = "tableViewTests/tableViewTests-Info.plist";
				PRODUCT_NAME = "$(TARGET_NAME)";
				TEST_HOST = "$(BUNDLE_LOADER)";
				WRAPPER_EXTENSION = octest;
			};
			name = Release;
		};
/* End XCBuildConfiguration section */

/* Begin XCConfigurationList section */
		84048B2817820B5800BBBA7C /* Build configuration list for PBXProject "tableView" */ = {
			isa = XCConfigurationList;
			buildConfigurations = (
				84048B6317820B5800BBBA7C /* Debug */,
				84048B6417820B5800BBBA7C /* Release */,
			);
			defaultConfigurationIsVisible = 0;
			defaultConfigurationName = Release;
		};
		84048B6517820B5800BBBA7C /* Build configuration list for PBXNativeTarget "tableView" */ = {
			isa = XCConfigurationList;
			buildConfigurations = (
				84048B6617820B5800BBBA7C /* Debug */,
				84048B6717820B5800BBBA7C /* Release */,
			);
			defaultConfigurationIsVisible = 0;
		};
		84048B6817820B5800BBBA7C /* Build configuration list for PBXNativeTarget "tableViewTests" */ = {
			isa = XCConfigurationList;
			buildConfigurations = (
				84048B6917820B5800BBBA7C /* Debug */,
				84048B6A17820B5800BBBA7C /* Release */,
			);
			defaultConfigurationIsVisible = 0;
		};
/* End XCConfigurationList section */
	};
	rootObject = 84048B2517820B5800BBBA7C /* Project object */;
}
